
Microsoft Visual Studio Solution File, Format Version 12.00
# Visual Studio 15
VisualStudioVersion = 15.0.28010.2050
MinimumVisualStudioVersion = 10.0.40219.1
Project("{FAE04EC0-301F-11D3-BF4B-00C04F79EFBC}") = "EKVentassemp.Android", "EKVentassemp\EKVentassemp.Android\EKVentassemp.Android.csproj", "{3698AA72-592F-4DE4-A3AC-982305841D7B}"
EndProject
Project("{FAE04EC0-301F-11D3-BF4B-00C04F79EFBC}") = "EKVentassemp.iOS", "EKVentassemp\EKVentassemp.iOS\EKVentassemp.iOS.csproj", "{0C84B0E2-F2A1-4875-BE5F-A8731108F06D}"
EndProject
Project("{FAE04EC0-301F-11D3-BF4B-00C04F79EFBC}") = "EKVentassemp", "EKVentassemp\EKVentassemp\EKVentassemp.csproj", "{C1BDD690-F176-4498-BF48-FD7F31128F80}"
EndProject
Global
	GlobalSection(SolutionConfigurationPlatforms) = preSolution
		Ad-Hoc|Any CPU = Ad-Hoc|Any CPU
		Ad-Hoc|iPhone = Ad-Hoc|iPhone
		Ad-Hoc|iPhoneSimulator = Ad-Hoc|iPhoneSimulator
		AppStore|Any CPU = AppStore|Any CPU
		AppStore|iPhone = AppStore|iPhone
		AppStore|iPhoneSimulator = AppStore|iPhoneSimulator
		Debug|Any CPU = Debug|Any CPU
		Debug|iPhone = Debug|iPhone
		Debug|iPhoneSimulator = Debug|iPhoneSimulator
		Release|Any CPU = Release|Any CPU
		Release|iPhone = Release|iPhone
		Release|iPhoneSimulator = Release|iPhoneSimulator
	EndGlobalSection
	GlobalSection(ProjectConfigurationPlatforms) = postSolution
		{3698AA72-592F-4DE4-A3AC-982305841D7B}.Ad-Hoc|Any CPU.ActiveCfg = Release|Any CPU
		{3698AA72-592F-4DE4-A3AC-982305841D7B}.Ad-Hoc|Any CPU.Build.0 = Release|Any CPU
		{3698AA72-592F-4DE4-A3AC-982305841D7B}.Ad-Hoc|Any CPU.Deploy.0 = Release|Any CPU
		{3698AA72-592F-4DE4-A3AC-982305841D7B}.Ad-Hoc|iPhone.ActiveCfg = Release|Any CPU
		{3698AA72-592F-4DE4-A3AC-982305841D7B}.Ad-Hoc|iPhone.Build.0 = Release|Any CPU
		{3698AA72-592F-4DE4-A3AC-982305841D7B}.Ad-Hoc|iPhone.Deploy.0 = Release|Any CPU
		{3698AA72-592F-4DE4-A3AC-982305841D7B}.Ad-Hoc|iPhoneSimulator.ActiveCfg = Release|Any CPU
		{3698AA72-592F-4DE4-A3AC-982305841D7B}.Ad-Hoc|iPhoneSimulator.Build.0 = Release|Any CPU
		{3698AA72-592F-4DE4-A3AC-982305841D7B}.Ad-Hoc|iPhoneSimulator.Deploy.0 = Release|Any CPU
		{3698AA72-592F-4DE4-A3AC-982305841D7B}.AppStore|Any CPU.ActiveCfg = Release|Any CPU
		{3698AA72-592F-4DE4-A3AC-982305841D7B}.AppStore|Any CPU.Build.0 = Release|Any CPU
		{3698AA72-592F-4DE4-A3AC-982305841D7B}.AppStore|Any CPU.Deploy.0 = Release|Any CPU
		{3698AA72-592F-4DE4-A3AC-982305841D7B}.AppStore|iPhone.ActiveCfg = Release|Any CPU
		{3698AA72-592F-4DE4-A3AC-982305841D7B}.AppStore|iPhone.Build.0 = Release|Any CPU
		{3698AA72-592F-4DE4-A3AC-982305841D7B}.AppStore|iPhone.Deploy.0 = Release|Any CPU
		{3698AA72-592F-4DE4-A3AC-982305841D7B}.AppStore|iPhoneSimulator.ActiveCfg = Release|Any CPU
		{3698AA72-592F-4DE4-A3AC-982305841D7B}.AppStore|iPhoneSimulator.Build.0 = Release|Any CPU
		{3698AA72-592F-4DE4-A3AC-982305841D7B}.AppStore|iPhoneSimulator.Deploy.0 = Release|Any CPU
		{3698AA72-592F-4DE4-A3AC-982305841D7B}.Debug|Any CPU.ActiveCfg = Debug|Any CPU
		{3698AA72-592F-4DE4-A3AC-982305841D7B}.Debug|Any CPU.Build.0 = Debug|Any CPU
		{3698AA72-592F-4DE4-A3AC-982305841D7B}.Debug|Any CPU.Deploy.0 = Debug|Any CPU
		{3698AA72-592F-4DE4-A3AC-982305841D7B}.Debug|iPhone.ActiveCfg = Debug|Any CPU
		{3698AA72-592F-4DE4-A3AC-982305841D7B}.Debug|iPhone.Build.0 = Debug|Any CPU
		{3698AA72-592F-4DE4-A3AC-982305841D7B}.Debug|iPhone.Deploy.0 = Debug|Any CPU
		{3698AA72-592F-4DE4-A3AC-982305841D7B}.Debug|iPhoneSimulator.ActiveCfg = Debug|Any CPU
		{3698AA72-592F-4DE4-A3AC-982305841D7B}.Debug|iPhoneSimulator.Build.0 = Debug|Any CPU
		{3698AA72-592F-4DE4-A3AC-982305841D7B}.Debug|iPhoneSimulator.Deploy.0 = Debug|Any CPU
		{3698AA72-592F-4DE4-A3AC-982305841D7B}.Release|Any CPU.ActiveCfg = Release|Any CPU
		{3698AA72-592F-4DE4-A3AC-982305841D7B}.Release|Any CPU.Build.0 = Release|Any CPU
		{3698AA72-592F-4DE4-A3AC-982305841D7B}.Release|Any CPU.Deploy.0 = Release|Any CPU
		{3698AA72-592F-4DE4-A3AC-982305841D7B}.Release|iPhone.ActiveCfg = Release|Any CPU
		{3698AA72-592F-4DE4-A3AC-982305841D7B}.Release|iPhone.Build.0 = Release|Any CPU
		{3698AA72-592F-4DE4-A3AC-982305841D7B}.Release|iPhone.Deploy.0 = Release|Any CPU
		{3698AA72-592F-4DE4-A3AC-982305841D7B}.Release|iPhoneSimulator.ActiveCfg = Release|Any CPU
		{3698AA72-592F-4DE4-A3AC-982305841D7B}.Release|iPhoneSimulator.Build.0 = Release|Any CPU
		{3698AA72-592F-4DE4-A3AC-982305841D7B}.Release|iPhoneSimulator.Deploy.0 = Release|Any CPU
		{0C84B0E2-F2A1-4875-BE5F-A8731108F06D}.Ad-Hoc|Any CPU.ActiveCfg = Ad-Hoc|iPhone
		{0C84B0E2-F2A1-4875-BE5F-A8731108F06D}.Ad-Hoc|Any CPU.Build.0 = Ad-Hoc|iPhone
		{0C84B0E2-F2A1-4875-BE5F-A8731108F06D}.Ad-Hoc|Any CPU.Deploy.0 = Ad-Hoc|iPhone
		{0C84B0E2-F2A1-4875-BE5F-A8731108F06D}.Ad-Hoc|iPhone.ActiveCfg = Ad-Hoc|iPhone
		{0C84B0E2-F2A1-4875-BE5F-A8731108F06D}.Ad-Hoc|iPhone.Build.0 = Ad-Hoc|iPhone
		{0C84B0E2-F2A1-4875-BE5F-A8731108F06D}.Ad-Hoc|iPhone.Deploy.0 = Ad-Hoc|iPhone
		{0C84B0E2-F2A1-4875-BE5F-A8731108F06D}.Ad-Hoc|iPhoneSimulator.ActiveCfg = Ad-Hoc|iPhoneSimulator
		{0C84B0E2-F2A1-4875-BE5F-A8731108F06D}.Ad-Hoc|iPhoneSimulator.Build.0 = Ad-Hoc|iPhoneSimulator
		{0C84B0E2-F2A1-4875-BE5F-A8731108F06D}.Ad-Hoc|iPhoneSimulator.Deploy.0 = Ad-Hoc|iPhoneSimulator
		{0C84B0E2-F2A1-4875-BE5F-A8731108F06D}.AppStore|Any CPU.ActiveCfg = AppStore|iPhone
		{0C84B0E2-F2A1-4875-BE5F-A8731108F06D}.AppStore|Any CPU.Build.0 = AppStore|iPhone
		{0C84B0E2-F2A1-4875-BE5F-A8731108F06D}.AppStore|Any CPU.Deploy.0 = AppStore|iPhone
		{0C84B0E2-F2A1-4875-BE5F-A8731108F06D}.AppStore|iPhone.ActiveCfg = AppStore|iPhone
		{0C84B0E2-F2A1-4875-BE5F-A8731108F06D}.AppStore|iPhone.Build.0 = AppStore|iPhone
		{0C84B0E2-F2A1-4875-BE5F-A8731108F06D}.AppStore|iPhone.Deploy.0 = AppStore|iPhone
		{0C84B0E2-F2A1-4875-BE5F-A8731108F06D}.AppStore|iPhoneSimulator.ActiveCfg = AppStore|iPhoneSimulator
		{0C84B0E2-F2A1-4875-BE5F-A8731108F06D}.AppStore|iPhoneSimulator.Build.0 = AppStore|iPhoneSimulator
		{0C84B0E2-F2A1-4875-BE5F-A8731108F06D}.AppStore|iPhoneSimulator.Deploy.0 = AppStore|iPhoneSimulator
		{0C84B0E2-F2A1-4875-BE5F-A8731108F06D}.Debug|Any CPU.ActiveCfg = Debug|iPhoneSimulator
		{0C84B0E2-F2A1-4875-BE5F-A8731108F06D}.Debug|Any CPU.Build.0 = Debug|iPhoneSimulator
		{0C84B0E2-F2A1-4875-BE5F-A8731108F06D}.Debug|Any CPU.Deploy.0 = Debug|iPhoneSimulator
		{0C84B0E2-F2A1-4875-BE5F-A8731108F06D}.Debug|iPhone.ActiveCfg = Debug|iPhone
		{0C84B0E2-F2A1-4875-BE5F-A8731108F06D}.Debug|iPhone.Build.0 = Debug|iPhone
		{0C84B0E2-F2A1-4875-BE5F-A8731108F06D}.Debug|iPhone.Deploy.0 = Debug|iPhone
		{0C84B0E2-F2A1-4875-BE5F-A8731108F06D}.Debug|iPhoneSimulator.ActiveCfg = Debug|iPhoneSimulator
		{0C84B0E2-F2A1-4875-BE5F-A8731108F06D}.Debug|iPhoneSimulator.Build.0 = Debug|iPhoneSimulator
		{0C84B0E2-F2A1-4875-BE5F-A8731108F06D}.Debug|iPhoneSimulator.Deploy.0 = Debug|iPhoneSimulator
		{0C84B0E2-F2A1-4875-BE5F-A8731108F06D}.Release|Any CPU.ActiveCfg = Release|iPhone
		{0C84B0E2-F2A1-4875-BE5F-A8731108F06D}.Release|Any CPU.Build.0 = Release|iPhone
		{0C84B0E2-F2A1-4875-BE5F-A8731108F06D}.Release|Any CPU.Deploy.0 = Release|iPhone
		{0C84B0E2-F2A1-4875-BE5F-A8731108F06D}.Release|iPhone.ActiveCfg = Release|iPhone
		{0C84B0E2-F2A1-4875-BE5F-A8731108F06D}.Release|iPhone.Build.0 = Release|iPhone
		{0C84B0E2-F2A1-4875-BE5F-A8731108F06D}.Release|iPhone.Deploy.0 = Release|iPhone
		{0C84B0E2-F2A1-4875-BE5F-A8731108F06D}.Release|iPhoneSimulator.ActiveCfg = Release|iPhoneSimulator
		{0C84B0E2-F2A1-4875-BE5F-A8731108F06D}.Release|iPhoneSimulator.Build.0 = Release|iPhoneSimulator
		{0C84B0E2-F2A1-4875-BE5F-A8731108F06D}.Release|iPhoneSimulator.Deploy.0 = Release|iPhoneSimulator
		{C1BDD690-F176-4498-BF48-FD7F31128F80}.Ad-Hoc|Any CPU.ActiveCfg = Debug|Any CPU
		{C1BDD690-F176-4498-BF48-FD7F31128F80}.Ad-Hoc|Any CPU.Build.0 = Debug|Any CPU
		{C1BDD690-F176-4498-BF48-FD7F31128F80}.Ad-Hoc|Any CPU.Deploy.0 = Debug|Any CPU
		{C1BDD690-F176-4498-BF48-FD7F31128F80}.Ad-Hoc|iPhone.ActiveCfg = Debug|Any CPU
		{C1BDD690-F176-4498-BF48-FD7F31128F80}.Ad-Hoc|iPhone.Build.0 = Debug|Any CPU
		{C1BDD690-F176-4498-BF48-FD7F31128F80}.Ad-Hoc|iPhone.Deploy.0 = Debug|Any CPU
		{C1BDD690-F176-4498-BF48-FD7F31128F80}.Ad-Hoc|iPhoneSimulator.ActiveCfg = Debug|Any CPU
		{C1BDD690-F176-4498-BF48-FD7F31128F80}.Ad-Hoc|iPhoneSimulator.Build.0 = Debug|Any CPU
		{C1BDD690-F176-4498-BF48-FD7F31128F80}.Ad-Hoc|iPhoneSimulator.Deploy.0 = Debug|Any CPU
		{C1BDD690-F176-4498-BF48-FD7F31128F80}.AppStore|Any CPU.ActiveCfg = Debug|Any CPU
		{C1BDD690-F176-4498-BF48-FD7F31128F80}.AppStore|Any CPU.Build.0 = Debug|Any CPU
		{C1BDD690-F176-4498-BF48-FD7F31128F80}.AppStore|Any CPU.Deploy.0 = Debug|Any CPU
		{C1BDD690-F176-4498-BF48-FD7F31128F80}.AppStore|iPhone.ActiveCfg = Debug|Any CPU
		{C1BDD690-F176-4498-BF48-FD7F31128F80}.AppStore|iPhone.Build.0 = Debug|Any CPU
		{C1BDD690-F176-4498-BF48-FD7F31128F80}.AppStore|iPhone.Deploy.0 = Debug|Any CPU
		{C1BDD690-F176-4498-BF48-FD7F31128F80}.AppStore|iPhoneSimulator.ActiveCfg = Debug|Any CPU
		{C1BDD690-F176-4498-BF48-FD7F31128F80}.AppStore|iPhoneSimulator.Build.0 = Debug|Any CPU
		{C1BDD690-F176-4498-BF48-FD7F31128F80}.AppStore|iPhoneSimulator.Deploy.0 = Debug|Any CPU
		{C1BDD690-F176-4498-BF48-FD7F31128F80}.Debug|Any CPU.ActiveCfg = Debug|Any CPU
		{C1BDD690-F176-4498-BF48-FD7F31128F80}.Debug|Any CPU.Build.0 = Debug|Any CPU
		{C1BDD690-F176-4498-BF48-FD7F31128F80}.Debug|Any CPU.Deploy.0 = Debug|Any CPU
		{C1BDD690-F176-4498-BF48-FD7F31128F80}.Debug|iPhone.ActiveCfg = Debug|Any CPU
		{C1BDD690-F176-4498-BF48-FD7F31128F80}.Debug|iPhone.Build.0 = Debug|Any CPU
		{C1BDD690-F176-4498-BF48-FD7F31128F80}.Debug|iPhone.Deploy.0 = Debug|Any CPU
		{C1BDD690-F176-4498-BF48-FD7F31128F80}.Debug|iPhoneSimulator.ActiveCfg = Debug|Any CPU
		{C1BDD690-F176-4498-BF48-FD7F31128F80}.Debug|iPhoneSimulator.Build.0 = Debug|Any CPU
		{C1BDD690-F176-4498-BF48-FD7F31128F80}.Debug|iPhoneSimulator.Deploy.0 = Debug|Any CPU
		{C1BDD690-F176-4498-BF48-FD7F31128F80}.Release|Any CPU.ActiveCfg = Release|Any CPU
		{C1BDD690-F176-4498-BF48-FD7F31128F80}.Release|Any CPU.Build.0 = Release|Any CPU
		{C1BDD690-F176-4498-BF48-FD7F31128F80}.Release|Any CPU.Deploy.0 = Release|Any CPU
		{C1BDD690-F176-4498-BF48-FD7F31128F80}.Release|iPhone.ActiveCfg = Release|Any CPU
		{C1BDD690-F176-4498-BF48-FD7F31128F80}.Release|iPhone.Build.0 = Release|Any CPU
		{C1BDD690-F176-4498-BF48-FD7F31128F80}.Release|iPhone.Deploy.0 = Release|Any CPU
		{C1BDD690-F176-4498-BF48-FD7F31128F80}.Release|iPhoneSimulator.ActiveCfg = Release|Any CPU
		{C1BDD690-F176-4498-BF48-FD7F31128F80}.Release|iPhoneSimulator.Build.0 = Release|Any CPU
		{C1BDD690-F176-4498-BF48-FD7F31128F80}.Release|iPhoneSimulator.Deploy.0 = Release|Any CPU
	EndGlobalSection
	GlobalSection(SolutionProperties) = preSolution
		HideSolutionNode = FALSE
	EndGlobalSection
	GlobalSection(ExtensibilityGlobals) = postSolution
		SolutionGuid = {E04434A4-D3F3-4CA6-AE21-F65DBD24333F}
	EndGlobalSection
EndGlobal
